# This file is automatically @generated by Cargo.
# It is not intended for manual editing.
[[package]]
name = "foo"
version = "0.1.0"
dependencies = [
 "input_i_scanner",
]

[[package]]
name = "input_i_scanner"
version = "0.1.0"
source = "git+https://github.com/ia7ck/rust-competitive-programming#7567d74b4a8a0b0fd6ba1d04d69f51de2d2df685"
